
Microsoft Visual Studio Solution File, Format Version 12.00
# Visual Studio Version 16
VisualStudioVersion = 16.0.30114.105
MinimumVisualStudioVersion = 10.0.40219.1
Project("{9A19103F-16F7-4668-BE54-9A1E7A4F7556}") = "ApiConsulTest", "ApiConsulTest\ApiConsulTest.csproj", "{8FAAB229-3756-47CC-87C0-70D7AB31EE0A}"
EndProject
Project("{9A19103F-16F7-4668-BE54-9A1E7A4F7556}") = "ApiConsulTest2", "ApiConsulTest2\ApiConsulTest2.csproj", "{C4C62E11-8851-4575-9DAD-69A3E6181D5D}"
EndProject
Project("{9A19103F-16F7-4668-BE54-9A1E7A4F7556}") = "ApiConsulGateway", "ApiConsulGateway\ApiConsulGateway.csproj", "{4FCA004D-BE14-4F22-B9F7-A5C8A84A0D2A}"
EndProject
Project("{9A19103F-16F7-4668-BE54-9A1E7A4F7556}") = "ConsoleApp1", "ConsoleApp1\ConsoleApp1.csproj", "{8C7A5B41-B496-4615-BDA0-B566BA023EBF}"
EndProject
Project("{9A19103F-16F7-4668-BE54-9A1E7A4F7556}") = "FirstCodeDb", "FirstCodeDb\FirstCodeDb.csproj", "{153642BD-568A-48CF-B16A-F78970EB2CA9}"
EndProject
Project("{9A19103F-16F7-4668-BE54-9A1E7A4F7556}") = "DiffTest", "DiffTest\DiffTest.csproj", "{C1FC274A-7ADE-43B7-9347-AE03C5D38E21}"
EndProject
Project("{9A19103F-16F7-4668-BE54-9A1E7A4F7556}") = "MoveMouseCursor", "MoveMouseCursor\MoveMouseCursor.csproj", "{C9BB9381-6EC0-41B1-BCFA-2B6FC9BE5B27}"
EndProject
Project("{FAE04EC0-301F-11D3-BF4B-00C04F79EFBC}") = "BackGroundService", "BackGroundService\BackGroundService.csproj", "{F43E5C94-B766-4C8B-8469-D2134AB2C2C6}"
EndProject
Global
	GlobalSection(SolutionConfigurationPlatforms) = preSolution
		Debug|Any CPU = Debug|Any CPU
		Release|Any CPU = Release|Any CPU
	EndGlobalSection
	GlobalSection(ProjectConfigurationPlatforms) = postSolution
		{8FAAB229-3756-47CC-87C0-70D7AB31EE0A}.Debug|Any CPU.ActiveCfg = Debug|Any CPU
		{8FAAB229-3756-47CC-87C0-70D7AB31EE0A}.Debug|Any CPU.Build.0 = Debug|Any CPU
		{8FAAB229-3756-47CC-87C0-70D7AB31EE0A}.Release|Any CPU.ActiveCfg = Release|Any CPU
		{8FAAB229-3756-47CC-87C0-70D7AB31EE0A}.Release|Any CPU.Build.0 = Release|Any CPU
		{C4C62E11-8851-4575-9DAD-69A3E6181D5D}.Debug|Any CPU.ActiveCfg = Debug|Any CPU
		{C4C62E11-8851-4575-9DAD-69A3E6181D5D}.Debug|Any CPU.Build.0 = Debug|Any CPU
		{C4C62E11-8851-4575-9DAD-69A3E6181D5D}.Release|Any CPU.ActiveCfg = Release|Any CPU
		{C4C62E11-8851-4575-9DAD-69A3E6181D5D}.Release|Any CPU.Build.0 = Release|Any CPU
		{4FCA004D-BE14-4F22-B9F7-A5C8A84A0D2A}.Debug|Any CPU.ActiveCfg = Debug|Any CPU
		{4FCA004D-BE14-4F22-B9F7-A5C8A84A0D2A}.Debug|Any CPU.Build.0 = Debug|Any CPU
		{4FCA004D-BE14-4F22-B9F7-A5C8A84A0D2A}.Release|Any CPU.ActiveCfg = Release|Any CPU
		{4FCA004D-BE14-4F22-B9F7-A5C8A84A0D2A}.Release|Any CPU.Build.0 = Release|Any CPU
		{8C7A5B41-B496-4615-BDA0-B566BA023EBF}.Debug|Any CPU.ActiveCfg = Debug|Any CPU
		{8C7A5B41-B496-4615-BDA0-B566BA023EBF}.Debug|Any CPU.Build.0 = Debug|Any CPU
		{8C7A5B41-B496-4615-BDA0-B566BA023EBF}.Release|Any CPU.ActiveCfg = Release|Any CPU
		{8C7A5B41-B496-4615-BDA0-B566BA023EBF}.Release|Any CPU.Build.0 = Release|Any CPU
		{153642BD-568A-48CF-B16A-F78970EB2CA9}.Debug|Any CPU.ActiveCfg = Debug|Any CPU
		{153642BD-568A-48CF-B16A-F78970EB2CA9}.Debug|Any CPU.Build.0 = Debug|Any CPU
		{153642BD-568A-48CF-B16A-F78970EB2CA9}.Release|Any CPU.ActiveCfg = Release|Any CPU
		{153642BD-568A-48CF-B16A-F78970EB2CA9}.Release|Any CPU.Build.0 = Release|Any CPU
		{C1FC274A-7ADE-43B7-9347-AE03C5D38E21}.Debug|Any CPU.ActiveCfg = Debug|Any CPU
		{C1FC274A-7ADE-43B7-9347-AE03C5D38E21}.Debug|Any CPU.Build.0 = Debug|Any CPU
		{C1FC274A-7ADE-43B7-9347-AE03C5D38E21}.Release|Any CPU.ActiveCfg = Release|Any CPU
		{C1FC274A-7ADE-43B7-9347-AE03C5D38E21}.Release|Any CPU.Build.0 = Release|Any CPU
		{C9BB9381-6EC0-41B1-BCFA-2B6FC9BE5B27}.Debug|Any CPU.ActiveCfg = Debug|Any CPU
		{C9BB9381-6EC0-41B1-BCFA-2B6FC9BE5B27}.Debug|Any CPU.Build.0 = Debug|Any CPU
		{C9BB9381-6EC0-41B1-BCFA-2B6FC9BE5B27}.Release|Any CPU.ActiveCfg = Release|Any CPU
		{C9BB9381-6EC0-41B1-BCFA-2B6FC9BE5B27}.Release|Any CPU.Build.0 = Release|Any CPU
		{F43E5C94-B766-4C8B-8469-D2134AB2C2C6}.Debug|Any CPU.ActiveCfg = Debug|Any CPU
		{F43E5C94-B766-4C8B-8469-D2134AB2C2C6}.Debug|Any CPU.Build.0 = Debug|Any CPU
		{F43E5C94-B766-4C8B-8469-D2134AB2C2C6}.Release|Any CPU.ActiveCfg = Release|Any CPU
		{F43E5C94-B766-4C8B-8469-D2134AB2C2C6}.Release|Any CPU.Build.0 = Release|Any CPU
	EndGlobalSection
	GlobalSection(SolutionProperties) = preSolution
		HideSolutionNode = FALSE
	EndGlobalSection
	GlobalSection(ExtensibilityGlobals) = postSolution
		SolutionGuid = {77C469C1-0CAA-463F-967F-0CEC821B2B9F}
	EndGlobalSection
EndGlobal
